
Microsoft Visual Studio Solution File, Format Version 12.00
# Visual Studio Version 17
VisualStudioVersion = 17.7.34221.43
MinimumVisualStudioVersion = 10.0.40219.1
Project("{FAE04EC0-301F-11D3-BF4B-00C04F79EFBC}") = "threadTest1", "threadTest1\threadTest1.csproj", "{A25D85C4-465B-4FB4-840C-A4861F266177}"
EndProject
Project("{FAE04EC0-301F-11D3-BF4B-00C04F79EFBC}") = "testThread2", "testThread2\testThread2.csproj", "{CF474E02-50C5-49F4-B5B3-EDE6DF4E0438}"
EndProject
Global
	GlobalSection(SolutionConfigurationPlatforms) = preSolution
		Debug|Any CPU = Debug|Any CPU
		Release|Any CPU = Release|Any CPU
	EndGlobalSection
	GlobalSection(ProjectConfigurationPlatforms) = postSolution
		{A25D85C4-465B-4FB4-840C-A4861F266177}.Debug|Any CPU.ActiveCfg = Debug|Any CPU
		{A25D85C4-465B-4FB4-840C-A4861F266177}.Debug|Any CPU.Build.0 = Debug|Any CPU
		{A25D85C4-465B-4FB4-840C-A4861F266177}.Release|Any CPU.ActiveCfg = Release|Any CPU
		{A25D85C4-465B-4FB4-840C-A4861F266177}.Release|Any CPU.Build.0 = Release|Any CPU
		{CF474E02-50C5-49F4-B5B3-EDE6DF4E0438}.Debug|Any CPU.ActiveCfg = Debug|Any CPU
		{CF474E02-50C5-49F4-B5B3-EDE6DF4E0438}.Debug|Any CPU.Build.0 = Debug|Any CPU
		{CF474E02-50C5-49F4-B5B3-EDE6DF4E0438}.Release|Any CPU.ActiveCfg = Release|Any CPU
		{CF474E02-50C5-49F4-B5B3-EDE6DF4E0438}.Release|Any CPU.Build.0 = Release|Any CPU
	EndGlobalSection
	GlobalSection(SolutionProperties) = preSolution
		HideSolutionNode = FALSE
	EndGlobalSection
	GlobalSection(ExtensibilityGlobals) = postSolution
		SolutionGuid = {869E787C-8989-404B-A99D-1108D0DA5890}
	EndGlobalSection
EndGlobal
